// !$*UTF8*$!
{
	archiveVersion = 1;
	classes = {
	};
	objectVersion = 56;
	objects = {

/* Begin PBXBuildFile section */
		74B4608C2A5ACD84008F222C /* iOS_UniFFI_App.swift in Sources */ = {isa = PBXBuildFile; fileRef = 74B4608B2A5ACD84008F222C /* iOS_UniFFI_App.swift */; };
		74B4608E2A5ACD84008F222C /* ContentView.swift in Sources */ = {isa = PBXBuildFile; fileRef = 74B4608D2A5ACD84008F222C /* ContentView.swift */; };
		74B460902A5ACD85008F222C /* Assets.xcassets in Resources */ = {isa = PBXBuildFile; fileRef = 74B4608F2A5ACD85008F222C /* Assets.xcassets */; };
		74B460932A5ACD85008F222C /* Preview Assets.xcassets in Resources */ = {isa = PBXBuildFile; fileRef = 74B460922A5ACD85008F222C /* Preview Assets.xcassets */; };
		74B460B42A5ACFC2008F222C /* iOS_UniFFI_Framework.framework in Frameworks */ = {isa = PBXBuildFile; fileRef = 74B460A02A5ACDCF008F222C /* iOS_UniFFI_Framework.framework */; };
		74B460B52A5ACFC2008F222C /* iOS_UniFFI_Framework.framework in Embed Frameworks */ = {isa = PBXBuildFile; fileRef = 74B460A02A5ACDCF008F222C /* iOS_UniFFI_Framework.framework */; settings = {ATTRIBUTES = (CodeSignOnCopy, RemoveHeadersOnCopy, ); }; };
/* End PBXBuildFile section */

/* Begin PBXContainerItemProxy section */
		74B4609F2A5ACDCF008F222C /* PBXContainerItemProxy */ = {
			isa = PBXContainerItemProxy;
			containerPortal = 74B460992A5ACDCF008F222C /* iOS-UniFFI-Framework.xcodeproj */;
			proxyType = 2;
			remoteGlobalIDString = 747ACF602A5AC33C00CA052E;
			remoteInfo = "iOS-UniFFI-Framework";
		};
		74B460A12A5ACDD8008F222C /* PBXContainerItemProxy */ = {
			isa = PBXContainerItemProxy;
			containerPortal = 74B460992A5ACDCF008F222C /* iOS-UniFFI-Framework.xcodeproj */;
			proxyType = 1;
			remoteGlobalIDString = 747ACF5F2A5AC33C00CA052E;
			remoteInfo = "iOS-UniFFI-Framework";
		};
/* End PBXContainerItemProxy section */

/* Begin PBXCopyFilesBuildPhase section */
		74B460B62A5ACFC2008F222C /* Embed Frameworks */ = {
			isa = PBXCopyFilesBuildPhase;
			buildActionMask = 2147483647;
			dstPath = "";
			dstSubfolderSpec = 10;
			files = (
				74B460B52A5ACFC2008F222C /* iOS_UniFFI_Framework.framework in Embed Frameworks */,
			);
			name = "Embed Frameworks";
			runOnlyForDeploymentPostprocessing = 0;
		};
/* End PBXCopyFilesBuildPhase section */

/* Begin PBXFileReference section */
		74B460882A5ACD84008F222C /* iOS-UniFFI-App.app */ = {isa = PBXFileReference; explicitFileType = wrapper.application; includeInIndex = 0; path = "iOS-UniFFI-App.app"; sourceTree = BUILT_PRODUCTS_DIR; };
		74B4608B2A5ACD84008F222C /* iOS_UniFFI_App.swift */ = {isa = PBXFileReference; lastKnownFileType = sourcecode.swift; path = iOS_UniFFI_App.swift; sourceTree = "<group>"; };
		74B4608D2A5ACD84008F222C /* ContentView.swift */ = {isa = PBXFileReference; lastKnownFileType = sourcecode.swift; path = ContentView.swift; sourceTree = "<group>"; };
		74B4608F2A5ACD85008F222C /* Assets.xcassets */ = {isa = PBXFileReference; lastKnownFileType = folder.assetcatalog; path = Assets.xcassets; sourceTree = "<group>"; };
		74B460922A5ACD85008F222C /* Preview Assets.xcassets */ = {isa = PBXFileReference; lastKnownFileType = folder.assetcatalog; path = "Preview Assets.xcassets"; sourceTree = "<group>"; };
		74B460992A5ACDCF008F222C /* iOS-UniFFI-Framework.xcodeproj */ = {isa = PBXFileReference; lastKnownFileType = "wrapper.pb-project"; name = "iOS-UniFFI-Framework.xcodeproj"; path = "../iOS-UniFFI-Framework/iOS-UniFFI-Framework.xcodeproj"; sourceTree = "<group>"; };
/* End PBXFileReference section */

/* Begin PBXFrameworksBuildPhase section */
		74B460852A5ACD84008F222C /* Frameworks */ = {
			isa = PBXFrameworksBuildPhase;
			buildActionMask = 2147483647;
			files = (
				74B460B42A5ACFC2008F222C /* iOS_UniFFI_Framework.framework in Frameworks */,
			);
			runOnlyForDeploymentPostprocessing = 0;
		};
/* End PBXFrameworksBuildPhase section */

/* Begin PBXGroup section */
		74B4607F2A5ACD84008F222C = {
			isa = PBXGroup;
			children = (
				74B460992A5ACDCF008F222C /* iOS-UniFFI-Framework.xcodeproj */,
				74B4608A2A5ACD84008F222C /* iOS-UniFFI-App */,
				74B460892A5ACD84008F222C /* Products */,
				74B460A32A5ACDDC008F222C /* Frameworks */,
			);
			sourceTree = "<group>";
		};
		74B460892A5ACD84008F222C /* Products */ = {
			isa = PBXGroup;
			children = (
				74B460882A5ACD84008F222C /* iOS-UniFFI-App.app */,
			);
			name = Products;
			sourceTree = "<group>";
		};
		74B4608A2A5ACD84008F222C /* iOS-UniFFI-App */ = {
			isa = PBXGroup;
			children = (
				74B4608B2A5ACD84008F222C /* iOS_UniFFI_App.swift */,
				74B4608D2A5ACD84008F222C /* ContentView.swift */,
				74B4608F2A5ACD85008F222C /* Assets.xcassets */,
				74B460912A5ACD85008F222C /* Preview Content */,
			);
			path = "iOS-UniFFI-App";
			sourceTree = "<group>";
		};
		74B460912A5ACD85008F222C /* Preview Content */ = {
			isa = PBXGroup;
			children = (
				74B460922A5ACD85008F222C /* Preview Assets.xcassets */,
			);
			path = "Preview Content";
			sourceTree = "<group>";
		};
		74B4609A2A5ACDCF008F222C /* Products */ = {
			isa = PBXGroup;
			children = (
				74B460A02A5ACDCF008F222C /* iOS_UniFFI_Framework.framework */,
			);
			name = Products;
			sourceTree = "<group>";
		};
		74B460A32A5ACDDC008F222C /* Frameworks */ = {
			isa = PBXGroup;
			children = (
			);
			name = Frameworks;
			sourceTree = "<group>";
		};
/* End PBXGroup section */

/* Begin PBXNativeTarget section */
		74B460872A5ACD84008F222C /* iOS-UniFFI-App */ = {
			isa = PBXNativeTarget;
			buildConfigurationList = 74B460962A5ACD85008F222C /* Build configuration list for PBXNativeTarget "iOS-UniFFI-App" */;
			buildPhases = (
				74B460842A5ACD84008F222C /* Sources */,
				74B460852A5ACD84008F222C /* Frameworks */,
				74B460862A5ACD84008F222C /* Resources */,
				74B460B62A5ACFC2008F222C /* Embed Frameworks */,
			);
			buildRules = (
			);
			dependencies = (
				74B460A22A5ACDD8008F222C /* PBXTargetDependency */,
			);
			name = "iOS-UniFFI-App";
			productName = "iOS-UniFFI-App";
			productReference = 74B460882A5ACD84008F222C /* iOS-UniFFI-App.app */;
			productType = "com.apple.product-type.application";
		};
/* End PBXNativeTarget section */

/* Begin PBXProject section */
		74B460802A5ACD84008F222C /* Project object */ = {
			isa = PBXProject;
			attributes = {
				BuildIndependentTargetsInParallel = 1;
				LastSwiftUpdateCheck = 1420;
				LastUpgradeCheck = 1420;
				TargetAttributes = {
					74B460872A5ACD84008F222C = {
						CreatedOnToolsVersion = 14.2;
					};
				};
			};
			buildConfigurationList = 74B460832A5ACD84008F222C /* Build configuration list for PBXProject "iOS-UniFFI-App" */;
			compatibilityVersion = "Xcode 14.0";
			developmentRegion = en;
			hasScannedForEncodings = 0;
			knownRegions = (
				en,
				Base,
			);
			mainGroup = 74B4607F2A5ACD84008F222C;
			productRefGroup = 74B460892A5ACD84008F222C /* Products */;
			projectDirPath = "";
			projectReferences = (
				{
					ProductGroup = 74B4609A2A5ACDCF008F222C /* Products */;
					ProjectRef = 74B460992A5ACDCF008F222C /* iOS-UniFFI-Framework.xcodeproj */;
				},
			);
			projectRoot = "";
			targets = (
				74B460872A5ACD84008F222C /* iOS-UniFFI-App */,
			);
		};
/* End PBXProject section */

/* Begin PBXReferenceProxy section */
		74B460A02A5ACDCF008F222C /* iOS_UniFFI_Framework.framework */ = {
			isa = PBXReferenceProxy;
			fileType = wrapper.framework;
			path = iOS_UniFFI_Framework.framework;
			remoteRef = 74B4609F2A5ACDCF008F222C /* PBXContainerItemProxy */;
			sourceTree = BUILT_PRODUCTS_DIR;
		};
/* End PBXReferenceProxy section */

/* Begin PBXResourcesBuildPhase section */
		74B460862A5ACD84008F222C /* Resources */ = {
			isa = PBXResourcesBuildPhase;
			buildActionMask = 2147483647;
			files = (
				74B460932A5ACD85008F222C /* Preview Assets.xcassets in Resources */,
				74B460902A5ACD85008F222C /* Assets.xcassets in Resources */,
			);
			runOnlyForDeploymentPostprocessing = 0;
		};
/* End PBXResourcesBuildPhase section */

/* Begin PBXSourcesBuildPhase section */
		74B460842A5ACD84008F222C /* Sources */ = {
			isa = PBXSourcesBuildPhase;
			buildActionMask = 2147483647;
			files = (
				74B4608E2A5ACD84008F222C /* ContentView.swift in Sources */,
				74B4608C2A5ACD84008F222C /* iOS_UniFFI_App.swift in Sources */,
			);
			runOnlyForDeploymentPostprocessing = 0;
		};
/* End PBXSourcesBuildPhase section */

/* Begin PBXTargetDependency section */
		74B460A22A5ACDD8008F222C /* PBXTargetDependency */ = {
			isa = PBXTargetDependency;
			name = "iOS-UniFFI-Framework";
			targetProxy = 74B460A12A5ACDD8008F222C /* PBXContainerItemProxy */;
		};
/* End PBXTargetDependency section */

/* Begin XCBuildConfiguration section */
		74B460942A5ACD85008F222C /* Debug */ = {
			isa = XCBuildConfiguration;
			buildSettings = {
				ALWAYS_SEARCH_USER_PATHS = NO;
				CLANG_ANALYZER_NONNULL = YES;
				CLANG_ANALYZER_NUMBER_OBJECT_CONVERSION = YES_AGGRESSIVE;
				CLANG_CXX_LANGUAGE_STANDARD = "gnu++20";
				CLANG_ENABLE_MODULES = YES;
				CLANG_ENABLE_OBJC_ARC = YES;
				CLANG_ENABLE_OBJC_WEAK = YES;
				CLANG_WARN_BLOCK_CAPTURE_AUTORELEASING = YES;
				CLANG_WARN_BOOL_CONVERSION = YES;
				CLANG_WARN_COMMA = YES;
				CLANG_WARN_CONSTANT_CONVERSION = YES;
				CLANG_WARN_DEPRECATED_OBJC_IMPLEMENTATIONS = YES;
				CLANG_WARN_DIRECT_OBJC_ISA_USAGE = YES_ERROR;
				CLANG_WARN_DOCUMENTATION_COMMENTS = YES;
				CLANG_WARN_EMPTY_BODY = YES;
				CLANG_WARN_ENUM_CONVERSION = YES;
				CLANG_WARN_INFINITE_RECURSION = YES;
				CLANG_WARN_INT_CONVERSION = YES;
				CLANG_WARN_NON_LITERAL_NULL_CONVERSION = YES;
				CLANG_WARN_OBJC_IMPLICIT_RETAIN_SELF = YES;
				CLANG_WARN_OBJC_LITERAL_CONVERSION = YES;
				CLANG_WARN_OBJC_ROOT_CLASS = YES_ERROR;
				CLANG_WARN_QUOTED_INCLUDE_IN_FRAMEWORK_HEADER = YES;
				CLANG_WARN_RANGE_LOOP_ANALYSIS = YES;
				CLANG_WARN_STRICT_PROTOTYPES = YES;
				CLANG_WARN_SUSPICIOUS_MOVE = YES;
				CLANG_WARN_UNGUARDED_AVAILABILITY = YES_AGGRESSIVE;
				CLANG_WARN_UNREACHABLE_CODE = YES;
				CLANG_WARN__DUPLICATE_METHOD_MATCH = YES;
				COPY_PHASE_STRIP = NO;
				DEBUG_INFORMATION_FORMAT = dwarf;
				ENABLE_STRICT_OBJC_MSGSEND = YES;
				ENABLE_TESTABILITY = YES;
				GCC_C_LANGUAGE_STANDARD = gnu11;
				GCC_DYNAMIC_NO_PIC = NO;
				GCC_NO_COMMON_BLOCKS = YES;
				GCC_OPTIMIZATION_LEVEL = 0;
				GCC_PREPROCESSOR_DEFINITIONS = (
					"DEBUG=1",
					"$(inherited)",
				);
				GCC_WARN_64_TO_32_BIT_CONVERSION = YES;
				GCC_WARN_ABOUT_RETURN_TYPE = YES_ERROR;
				GCC_WARN_UNDECLARED_SELECTOR = YES;
				GCC_WARN_UNINITIALIZED_AUTOS = YES_AGGRESSIVE;
				GCC_WARN_UNUSED_FUNCTION = YES;
				GCC_WARN_UNUSED_VARIABLE = YES;
				IPHONEOS_DEPLOYMENT_TARGET = 14.0;
				MTL_ENABLE_DEBUG_INFO = INCLUDE_SOURCE;
				MTL_FAST_MATH = YES;
				ONLY_ACTIVE_ARCH = YES;
				SDKROOT = iphoneos;
				SWIFT_ACTIVE_COMPILATION_CONDITIONS = DEBUG;
				SWIFT_OPTIMIZATION_LEVEL = "-Onone";
			};
			name = Debug;
		};
		74B460952A5ACD85008F222C /* Release */ = {
			isa = XCBuildConfiguration;
			buildSettings = {
				ALWAYS_SEARCH_USER_PATHS = NO;
				CLANG_ANALYZER_NONNULL = YES;
				CLANG_ANALYZER_NUMBER_OBJECT_CONVERSION = YES_AGGRESSIVE;
				CLANG_CXX_LANGUAGE_STANDARD = "gnu++20";
				CLANG_ENABLE_MODULES = YES;
				CLANG_ENABLE_OBJC_ARC = YES;
				CLANG_ENABLE_OBJC_WEAK = YES;
				CLANG_WARN_BLOCK_CAPTURE_AUTORELEASING = YES;
				CLANG_WARN_BOOL_CONVERSION = YES;
				CLANG_WARN_COMMA = YES;
				CLANG_WARN_CONSTANT_CONVERSION = YES;
				CLANG_WARN_DEPRECATED_OBJC_IMPLEMENTATIONS = YES;
				CLANG_WARN_DIRECT_OBJC_ISA_USAGE = YES_ERROR;
				CLANG_WARN_DOCUMENTATION_COMMENTS = YES;
				CLANG_WARN_EMPTY_BODY = YES;
				CLANG_WARN_ENUM_CONVERSION = YES;
				CLANG_WARN_INFINITE_RECURSION = YES;
				CLANG_WARN_INT_CONVERSION = YES;
				CLANG_WARN_NON_LITERAL_NULL_CONVERSION = YES;
				CLANG_WARN_OBJC_IMPLICIT_RETAIN_SELF = YES;
				CLANG_WARN_OBJC_LITERAL_CONVERSION = YES;
				CLANG_WARN_OBJC_ROOT_CLASS = YES_ERROR;
				CLANG_WARN_QUOTED_INCLUDE_IN_FRAMEWORK_HEADER = YES;
				CLANG_WARN_RANGE_LOOP_ANALYSIS = YES;
				CLANG_WARN_STRICT_PROTOTYPES = YES;
				CLANG_WARN_SUSPICIOUS_MOVE = YES;
				CLANG_WARN_UNGUARDED_AVAILABILITY = YES_AGGRESSIVE;
				CLANG_WARN_UNREACHABLE_CODE = YES;
				CLANG_WARN__DUPLICATE_METHOD_MATCH = YES;
				COPY_PHASE_STRIP = NO;
				DEBUG_INFORMATION_FORMAT = "dwarf-with-dsym";
				ENABLE_NS_ASSERTIONS = NO;
				ENABLE_STRICT_OBJC_MSGSEND = YES;
				GCC_C_LANGUAGE_STANDARD = gnu11;
				GCC_NO_COMMON_BLOCKS = YES;
				GCC_WARN_64_TO_32_BIT_CONVERSION = YES;
				GCC_WARN_ABOUT_RETURN_TYPE = YES_ERROR;
				GCC_WARN_UNDECLARED_SELECTOR = YES;
				GCC_WARN_UNINITIALIZED_AUTOS = YES_AGGRESSIVE;
				GCC_WARN_UNUSED_FUNCTION = YES;
				GCC_WARN_UNUSED_VARIABLE = YES;
				IPHONEOS_DEPLOYMENT_TARGET = 14.0;
				MTL_ENABLE_DEBUG_INFO = NO;
				MTL_FAST_MATH = YES;
				SDKROOT = iphoneos;
				SWIFT_COMPILATION_MODE = wholemodule;
				SWIFT_OPTIMIZATION_LEVEL = "-O";
				VALIDATE_PRODUCT = YES;
			};
			name = Release;
		};
		74B460972A5ACD85008F222C /* Debug */ = {
			isa = XCBuildConfiguration;
			buildSettings = {
				ASSETCATALOG_COMPILER_APPICON_NAME = AppIcon;
				ASSETCATALOG_COMPILER_GLOBAL_ACCENT_COLOR_NAME = AccentColor;
				CODE_SIGN_STYLE = Manual;
				CURRENT_PROJECT_VERSION = 1;
				DEVELOPMENT_ASSET_PATHS = "\"iOS-UniFFI-App/Preview Content\"";
				DEVELOPMENT_TEAM = "";
				ENABLE_PREVIEWS = YES;
				GENERATE_INFOPLIST_FILE = YES;
				INFOPLIST_KEY_UIApplicationSceneManifest_Generation = YES;
				INFOPLIST_KEY_UIApplicationSupportsIndirectInputEvents = YES;
				INFOPLIST_KEY_UILaunchScreen_Generation = YES;
				INFOPLIST_KEY_UISupportedInterfaceOrientations_iPad = "UIInterfaceOrientationPortrait UIInterfaceOrientationPortraitUpsideDown UIInterfaceOrientationLandscapeLeft UIInterfaceOrientationLandscapeRight";
				INFOPLIST_KEY_UISupportedInterfaceOrientations_iPhone = "UIInterfaceOrientationPortrait UIInterfaceOrientationLandscapeLeft UIInterfaceOrientationLandscapeRight";
				IPHONEOS_DEPLOYMENT_TARGET = 14.0;
				LD_RUNPATH_SEARCH_PATHS = (
					"$(inherited)",
					"@executable_path/Frameworks",
				);
				MARKETING_VERSION = 1.0;
				PRODUCT_BUNDLE_IDENTIFIER = "org.mozilla.example.uniffi.iOS-UniFFI-App";
				PRODUCT_NAME = "$(TARGET_NAME)";
				PROVISIONING_PROFILE_SPECIFIER = "";
				SUPPORTED_PLATFORMS = "iphoneos iphonesimulator";
				SUPPORTS_MACCATALYST = NO;
				SUPPORTS_MAC_DESIGNED_FOR_IPHONE_IPAD = NO;
				SWIFT_EMIT_LOC_STRINGS = YES;
				SWIFT_VERSION = 5.0;
				TARGETED_DEVICE_FAMILY = "1,2";
			};
			name = Debug;
		};
		74B460982A5ACD85008F222C /* Release */ = {
			isa = XCBuildConfiguration;
			buildSettings = {
				ASSETCATALOG_COMPILER_APPICON_NAME = AppIcon;
				ASSETCATALOG_COMPILER_GLOBAL_ACCENT_COLOR_NAME = AccentColor;
				CODE_SIGN_STYLE = Manual;
				CURRENT_PROJECT_VERSION = 1;
				DEVELOPMENT_ASSET_PATHS = "\"iOS-UniFFI-App/Preview Content\"";
				DEVELOPMENT_TEAM = "";
				ENABLE_PREVIEWS = YES;
				GENERATE_INFOPLIST_FILE = YES;
				INFOPLIST_KEY_UIApplicationSceneManifest_Generation = YES;
				INFOPLIST_KEY_UIApplicationSupportsIndirectInputEvents = YES;
				INFOPLIST_KEY_UILaunchScreen_Generation = YES;
				INFOPLIST_KEY_UISupportedInterfaceOrientations_iPad = "UIInterfaceOrientationPortrait UIInterfaceOrientationPortraitUpsideDown UIInterfaceOrientationLandscapeLeft UIInterfaceOrientationLandscapeRight";
				INFOPLIST_KEY_UISupportedInterfaceOrientations_iPhone = "UIInterfaceOrientationPortrait UIInterfaceOrientationLandscapeLeft UIInterfaceOrientationLandscapeRight";
				IPHONEOS_DEPLOYMENT_TARGET = 14.0;
				LD_RUNPATH_SEARCH_PATHS = (
					"$(inherited)",
					"@executable_path/Frameworks",
				);
				MARKETING_VERSION = 1.0;
				PRODUCT_BUNDLE_IDENTIFIER = "org.mozilla.example.uniffi.iOS-UniFFI-App";
				PRODUCT_NAME = "$(TARGET_NAME)";
				PROVISIONING_PROFILE_SPECIFIER = "";
				SUPPORTED_PLATFORMS = "iphoneos iphonesimulator";
				SUPPORTS_MACCATALYST = NO;
				SUPPORTS_MAC_DESIGNED_FOR_IPHONE_IPAD = NO;
				SWIFT_EMIT_LOC_STRINGS = YES;
				SWIFT_VERSION = 5.0;
				TARGETED_DEVICE_FAMILY = "1,2";
			};
			name = Release;
		};
/* End XCBuildConfiguration section */

/* Begin XCConfigurationList section */
		74B460832A5ACD84008F222C /* Build configuration list for PBXProject "iOS-UniFFI-App" */ = {
			isa = XCConfigurationList;
			buildConfigurations = (
				74B460942A5ACD85008F222C /* Debug */,
				74B460952A5ACD85008F222C /* Release */,
			);
			defaultConfigurationIsVisible = 0;
			defaultConfigurationName = Release;
		};
		74B460962A5ACD85008F222C /* Build configuration list for PBXNativeTarget "iOS-UniFFI-App" */ = {
			isa = XCConfigurationList;
			buildConfigurations = (
				74B460972A5ACD85008F222C /* Debug */,
				74B460982A5ACD85008F222C /* Release */,
			);
			defaultConfigurationIsVisible = 0;
			defaultConfigurationName = Release;
		};
/* End XCConfigurationList section */
	};
	rootObject = 74B460802A5ACD84008F222C /* Project object */;
}
